// !$*UTF8*$!
{
	archiveVersion = 1;
	classes = {
	};
	objectVersion = 46;
	objects = {

/* Begin PBXBuildFile section */
		023433671B8D588D009307CB /* AppDelegate.swift in Sources */ = {isa = PBXBuildFile; fileRef = 023433661B8D588D009307CB /* AppDelegate.swift */; };
		0234336A1B8D588D009307CB /* WatchStudyNotes.xcdatamodeld in Sources */ = {isa = PBXBuildFile; fileRef = 023433681B8D588D009307CB /* WatchStudyNotes.xcdatamodeld */; };
		0234336F1B8D588D009307CB /* Main.storyboard in Resources */ = {isa = PBXBuildFile; fileRef = 0234336D1B8D588D009307CB /* Main.storyboard */; };
		023433711B8D588D009307CB /* Images.xcassets in Resources */ = {isa = PBXBuildFile; fileRef = 023433701B8D588D009307CB /* Images.xcassets */; };
		023433741B8D588D009307CB /* LaunchScreen.xib in Resources */ = {isa = PBXBuildFile; fileRef = 023433721B8D588D009307CB /* LaunchScreen.xib */; };
		023433801B8D588D009307CB /* WatchStudyNotesTests.swift in Sources */ = {isa = PBXBuildFile; fileRef = 0234337F1B8D588D009307CB /* WatchStudyNotesTests.swift */; };
		0253D1041B8D8E340009A8D1 /* InterfaceController.swift in Sources */ = {isa = PBXBuildFile; fileRef = 0253D1031B8D8E340009A8D1 /* InterfaceController.swift */; };
		0253D1061B8D8E340009A8D1 /* NotificationController.swift in Sources */ = {isa = PBXBuildFile; fileRef = 0253D1051B8D8E340009A8D1 /* NotificationController.swift */; };
		0253D1081B8D8E340009A8D1 /* Images.xcassets in Resources */ = {isa = PBXBuildFile; fileRef = 0253D1071B8D8E340009A8D1 /* Images.xcassets */; };
		0253D10C1B8D8E340009A8D1 /* WatchStudyNotes WatchKit App.app in Resources */ = {isa = PBXBuildFile; fileRef = 0253D10B1B8D8E340009A8D1 /* WatchStudyNotes WatchKit App.app */; };
		0253D1141B8D8E340009A8D1 /* Interface.storyboard in Resources */ = {isa = PBXBuildFile; fileRef = 0253D1121B8D8E340009A8D1 /* Interface.storyboard */; };
		0253D1161B8D8E340009A8D1 /* Images.xcassets in Resources */ = {isa = PBXBuildFile; fileRef = 0253D1151B8D8E340009A8D1 /* Images.xcassets */; };
		0253D1191B8D8E350009A8D1 /* WatchStudyNotes WatchKit Extension.appex in Embed App Extensions */ = {isa = PBXBuildFile; fileRef = 0253D0FE1B8D8E340009A8D1 /* WatchStudyNotes WatchKit Extension.appex */; settings = {ATTRIBUTES = (RemoveHeadersOnCopy, ); }; };
		027783E71B8E6AF700311AA1 /* Constant.swift in Sources */ = {isa = PBXBuildFile; fileRef = 027783E61B8E6AF700311AA1 /* Constant.swift */; };
		027783EA1B8E703600311AA1 /* ApiDelegate.swift in Sources */ = {isa = PBXBuildFile; fileRef = 027783E91B8E703600311AA1 /* ApiDelegate.swift */; };
		027783EC1B8E704D00311AA1 /* Api.swift in Sources */ = {isa = PBXBuildFile; fileRef = 027783EB1B8E704D00311AA1 /* Api.swift */; };
		027783EE1B8E70A400311AA1 /* Enum.swift in Sources */ = {isa = PBXBuildFile; fileRef = 027783ED1B8E70A400311AA1 /* Enum.swift */; };
		027783F01B8E70BB00311AA1 /* Config.swift in Sources */ = {isa = PBXBuildFile; fileRef = 027783EF1B8E70BB00311AA1 /* Config.swift */; };
		027783F21B8E70E900311AA1 /* Util.swift in Sources */ = {isa = PBXBuildFile; fileRef = 027783F11B8E70E900311AA1 /* Util.swift */; };
		027783F41B8E755D00311AA1 /* HomeViewController.swift in Sources */ = {isa = PBXBuildFile; fileRef = 027783F31B8E755D00311AA1 /* HomeViewController.swift */; };
		027783F71B8E7B7C00311AA1 /* Note.swift in Sources */ = {isa = PBXBuildFile; fileRef = 027783F61B8E7B7C00311AA1 /* Note.swift */; };
		02D8E08E1B8E6A26005CB348 /* BaseViewController.swift in Sources */ = {isa = PBXBuildFile; fileRef = 02D8E08D1B8E6A26005CB348 /* BaseViewController.swift */; };
		41F11D79B9A04A8D8080D95F /* Pods_WatchStudyNotes.framework in Frameworks */ = {isa = PBXBuildFile; fileRef = 2B802AEE0D62C9B19CEFE032 /* Pods_WatchStudyNotes.framework */; settings = {ATTRIBUTES = (Weak, ); }; };
/* End PBXBuildFile section */

/* Begin PBXContainerItemProxy section */
		0234337A1B8D588D009307CB /* PBXContainerItemProxy */ = {
			isa = PBXContainerItemProxy;
			containerPortal = 023433591B8D588D009307CB /* Project object */;
			proxyType = 1;
			remoteGlobalIDString = 023433601B8D588D009307CB;
			remoteInfo = WatchStudyNotes;
		};
		0253D10D1B8D8E340009A8D1 /* PBXContainerItemProxy */ = {
			isa = PBXContainerItemProxy;
			containerPortal = 023433591B8D588D009307CB /* Project object */;
			proxyType = 1;
			remoteGlobalIDString = 0253D10A1B8D8E340009A8D1;
			remoteInfo = "WatchStudyNotes WatchKit App";
		};
		0253D1171B8D8E350009A8D1 /* PBXContainerItemProxy */ = {
			isa = PBXContainerItemProxy;
			containerPortal = 023433591B8D588D009307CB /* Project object */;
			proxyType = 1;
			remoteGlobalIDString = 0253D0FD1B8D8E340009A8D1;
			remoteInfo = "WatchStudyNotes WatchKit Extension";
		};
/* End PBXContainerItemProxy section */

/* Begin PBXCopyFilesBuildPhase section */
		0253D1201B8D8E350009A8D1 /* Embed App Extensions */ = {
			isa = PBXCopyFilesBuildPhase;
			buildActionMask = 2147483647;
			dstPath = "";
			dstSubfolderSpec = 13;
			files = (
				0253D1191B8D8E350009A8D1 /* WatchStudyNotes WatchKit Extension.appex in Embed App Extensions */,
			);
			name = "Embed App Extensions";
			runOnlyForDeploymentPostprocessing = 0;
		};
/* End PBXCopyFilesBuildPhase section */

/* Begin PBXFileReference section */
		023433611B8D588D009307CB /* WatchStudyNotes.app */ = {isa = PBXFileReference; explicitFileType = wrapper.application; includeInIndex = 0; path = WatchStudyNotes.app; sourceTree = BUILT_PRODUCTS_DIR; };
		023433651B8D588D009307CB /* Info.plist */ = {isa = PBXFileReference; lastKnownFileType = text.plist.xml; path = Info.plist; sourceTree = "<group>"; };
		023433661B8D588D009307CB /* AppDelegate.swift */ = {isa = PBXFileReference; lastKnownFileType = sourcecode.swift; path = AppDelegate.swift; sourceTree = "<group>"; };
		023433691B8D588D009307CB /* WatchStudyNotes.xcdatamodel */ = {isa = PBXFileReference; lastKnownFileType = wrapper.xcdatamodel; path = WatchStudyNotes.xcdatamodel; sourceTree = "<group>"; };
		0234336E1B8D588D009307CB /* Base */ = {isa = PBXFileReference; lastKnownFileType = file.storyboard; name = Base; path = Base.lproj/Main.storyboard; sourceTree = "<group>"; };
		023433701B8D588D009307CB /* Images.xcassets */ = {isa = PBXFileReference; lastKnownFileType = folder.assetcatalog; path = Images.xcassets; sourceTree = "<group>"; };
		023433731B8D588D009307CB /* Base */ = {isa = PBXFileReference; lastKnownFileType = file.xib; name = Base; path = Base.lproj/LaunchScreen.xib; sourceTree = "<group>"; };
		023433791B8D588D009307CB /* WatchStudyNotesTests.xctest */ = {isa = PBXFileReference; explicitFileType = wrapper.cfbundle; includeInIndex = 0; path = WatchStudyNotesTests.xctest; sourceTree = BUILT_PRODUCTS_DIR; };
		0234337E1B8D588D009307CB /* Info.plist */ = {isa = PBXFileReference; lastKnownFileType = text.plist.xml; path = Info.plist; sourceTree = "<group>"; };
		0234337F1B8D588D009307CB /* WatchStudyNotesTests.swift */ = {isa = PBXFileReference; lastKnownFileType = sourcecode.swift; path = WatchStudyNotesTests.swift; sourceTree = "<group>"; };
		0253D0FE1B8D8E340009A8D1 /* WatchStudyNotes WatchKit Extension.appex */ = {isa = PBXFileReference; explicitFileType = "wrapper.app-extension"; includeInIndex = 0; path = "WatchStudyNotes WatchKit Extension.appex"; sourceTree = BUILT_PRODUCTS_DIR; };
		0253D1011B8D8E340009A8D1 /* Info.plist */ = {isa = PBXFileReference; lastKnownFileType = text.plist.xml; path = Info.plist; sourceTree = "<group>"; };
		0253D1021B8D8E340009A8D1 /* PushNotificationPayload.apns */ = {isa = PBXFileReference; lastKnownFileType = text; path = PushNotificationPayload.apns; sourceTree = "<group>"; };
		0253D1031B8D8E340009A8D1 /* InterfaceController.swift */ = {isa = PBXFileReference; lastKnownFileType = sourcecode.swift; path = InterfaceController.swift; sourceTree = "<group>"; };
		0253D1051B8D8E340009A8D1 /* NotificationController.swift */ = {isa = PBXFileReference; lastKnownFileType = sourcecode.swift; path = NotificationController.swift; sourceTree = "<group>"; };
		0253D1071B8D8E340009A8D1 /* Images.xcassets */ = {isa = PBXFileReference; lastKnownFileType = folder.assetcatalog; path = Images.xcassets; sourceTree = "<group>"; };
		0253D10B1B8D8E340009A8D1 /* WatchStudyNotes WatchKit App.app */ = {isa = PBXFileReference; explicitFileType = wrapper.application; includeInIndex = 0; path = "WatchStudyNotes WatchKit App.app"; sourceTree = BUILT_PRODUCTS_DIR; };
		0253D1111B8D8E340009A8D1 /* Info.plist */ = {isa = PBXFileReference; lastKnownFileType = text.plist.xml; path = Info.plist; sourceTree = "<group>"; };
		0253D1131B8D8E340009A8D1 /* Base */ = {isa = PBXFileReference; lastKnownFileType = file.storyboard; name = Base; path = Base.lproj/Interface.storyboard; sourceTree = "<group>"; };
		0253D1151B8D8E340009A8D1 /* Images.xcassets */ = {isa = PBXFileReference; lastKnownFileType = folder.assetcatalog; path = Images.xcassets; sourceTree = "<group>"; };
		027783E61B8E6AF700311AA1 /* Constant.swift */ = {isa = PBXFileReference; fileEncoding = 4; lastKnownFileType = sourcecode.swift; path = Constant.swift; sourceTree = "<group>"; };
		027783E91B8E703600311AA1 /* ApiDelegate.swift */ = {isa = PBXFileReference; fileEncoding = 4; lastKnownFileType = sourcecode.swift; path = ApiDelegate.swift; sourceTree = "<group>"; };
		027783EB1B8E704D00311AA1 /* Api.swift */ = {isa = PBXFileReference; fileEncoding = 4; lastKnownFileType = sourcecode.swift; path = Api.swift; sourceTree = "<group>"; };
		027783ED1B8E70A400311AA1 /* Enum.swift */ = {isa = PBXFileReference; fileEncoding = 4; lastKnownFileType = sourcecode.swift; path = Enum.swift; sourceTree = "<group>"; };
		027783EF1B8E70BB00311AA1 /* Config.swift */ = {isa = PBXFileReference; fileEncoding = 4; lastKnownFileType = sourcecode.swift; path = Config.swift; sourceTree = "<group>"; };
		027783F11B8E70E900311AA1 /* Util.swift */ = {isa = PBXFileReference; fileEncoding = 4; lastKnownFileType = sourcecode.swift; path = Util.swift; sourceTree = "<group>"; };
		027783F31B8E755D00311AA1 /* HomeViewController.swift */ = {isa = PBXFileReference; fileEncoding = 4; lastKnownFileType = sourcecode.swift; path = HomeViewController.swift; sourceTree = "<group>"; };
		027783F61B8E7B7C00311AA1 /* Note.swift */ = {isa = PBXFileReference; fileEncoding = 4; lastKnownFileType = sourcecode.swift; path = Note.swift; sourceTree = "<group>"; };
		02D8E08D1B8E6A26005CB348 /* BaseViewController.swift */ = {isa = PBXFileReference; fileEncoding = 4; lastKnownFileType = sourcecode.swift; path = BaseViewController.swift; sourceTree = "<group>"; };
		0E7D0B3A3F11608D60CE28AE /* Pods-WatchStudyNotes.debug.xcconfig */ = {isa = PBXFileReference; includeInIndex = 1; lastKnownFileType = text.xcconfig; name = "Pods-WatchStudyNotes.debug.xcconfig"; path = "Pods/Target Support Files/Pods-WatchStudyNotes/Pods-WatchStudyNotes.debug.xcconfig"; sourceTree = "<group>"; };
		1587B4562FBD003EECC9431A /* Pods-WatchStudyNotes.release.xcconfig */ = {isa = PBXFileReference; includeInIndex = 1; lastKnownFileType = text.xcconfig; name = "Pods-WatchStudyNotes.release.xcconfig"; path = "Pods/Target Support Files/Pods-WatchStudyNotes/Pods-WatchStudyNotes.release.xcconfig"; sourceTree = "<group>"; };
		2B802AEE0D62C9B19CEFE032 /* Pods_WatchStudyNotes.framework */ = {isa = PBXFileReference; explicitFileType = wrapper.framework; includeInIndex = 0; path = Pods_WatchStudyNotes.framework; sourceTree = BUILT_PRODUCTS_DIR; };
/* End PBXFileReference section */

/* Begin PBXFrameworksBuildPhase section */
		0234335E1B8D588D009307CB /* Frameworks */ = {
			isa = PBXFrameworksBuildPhase;
			buildActionMask = 2147483647;
			files = (
				41F11D79B9A04A8D8080D95F /* Pods_WatchStudyNotes.framework in Frameworks */,
			);
			runOnlyForDeploymentPostprocessing = 0;
		};
		023433761B8D588D009307CB /* Frameworks */ = {
			isa = PBXFrameworksBuildPhase;
			buildActionMask = 2147483647;
			files = (
			);
			runOnlyForDeploymentPostprocessing = 0;
		};
		0253D0FB1B8D8E340009A8D1 /* Frameworks */ = {
			isa = PBXFrameworksBuildPhase;
			buildActionMask = 2147483647;
			files = (
			);
			runOnlyForDeploymentPostprocessing = 0;
		};
/* End PBXFrameworksBuildPhase section */

/* Begin PBXGroup section */
		023433581B8D588D009307CB = {
			isa = PBXGroup;
			children = (
				023433631B8D588D009307CB /* WatchStudyNotes */,
				0234337C1B8D588D009307CB /* WatchStudyNotesTests */,
				0253D0FF1B8D8E340009A8D1 /* WatchStudyNotes WatchKit Extension */,
				0253D10F1B8D8E340009A8D1 /* WatchStudyNotes WatchKit App */,
				023433621B8D588D009307CB /* Products */,
				39E4126B68A44A9970388363 /* Pods */,
				6C9072709A98BCE0EC78E27A /* Frameworks */,
			);
			sourceTree = "<group>";
		};
		023433621B8D588D009307CB /* Products */ = {
			isa = PBXGroup;
			children = (
				023433611B8D588D009307CB /* WatchStudyNotes.app */,
				023433791B8D588D009307CB /* WatchStudyNotesTests.xctest */,
				0253D0FE1B8D8E340009A8D1 /* WatchStudyNotes WatchKit Extension.appex */,
				0253D10B1B8D8E340009A8D1 /* WatchStudyNotes WatchKit App.app */,
			);
			name = Products;
			sourceTree = "<group>";
		};
		023433631B8D588D009307CB /* WatchStudyNotes */ = {
			isa = PBXGroup;
			children = (
				027783E51B8E6ACC00311AA1 /* Util */,
				02D8E08C1B8E69F2005CB348 /* Controllers */,
				027783F51B8E7B6900311AA1 /* Model */,
				023433661B8D588D009307CB /* AppDelegate.swift */,
				0234336D1B8D588D009307CB /* Main.storyboard */,
				023433701B8D588D009307CB /* Images.xcassets */,
				023433721B8D588D009307CB /* LaunchScreen.xib */,
				023433681B8D588D009307CB /* WatchStudyNotes.xcdatamodeld */,
				023433641B8D588D009307CB /* Supporting Files */,
			);
			path = WatchStudyNotes;
			sourceTree = "<group>";
		};
		023433641B8D588D009307CB /* Supporting Files */ = {
			isa = PBXGroup;
			children = (
				023433651B8D588D009307CB /* Info.plist */,
			);
			name = "Supporting Files";
			sourceTree = "<group>";
		};
		0234337C1B8D588D009307CB /* WatchStudyNotesTests */ = {
			isa = PBXGroup;
			children = (
				0234337F1B8D588D009307CB /* WatchStudyNotesTests.swift */,
				0234337D1B8D588D009307CB /* Supporting Files */,
			);
			path = WatchStudyNotesTests;
			sourceTree = "<group>";
		};
		0234337D1B8D588D009307CB /* Supporting Files */ = {
			isa = PBXGroup;
			children = (
				0234337E1B8D588D009307CB /* Info.plist */,
			);
			name = "Supporting Files";
			sourceTree = "<group>";
		};
		0253D0FF1B8D8E340009A8D1 /* WatchStudyNotes WatchKit Extension */ = {
			isa = PBXGroup;
			children = (
				0253D1031B8D8E340009A8D1 /* InterfaceController.swift */,
				0253D1051B8D8E340009A8D1 /* NotificationController.swift */,
				0253D1071B8D8E340009A8D1 /* Images.xcassets */,
				0253D1001B8D8E340009A8D1 /* Supporting Files */,
			);
			path = "WatchStudyNotes WatchKit Extension";
			sourceTree = "<group>";
		};
		0253D1001B8D8E340009A8D1 /* Supporting Files */ = {
			isa = PBXGroup;
			children = (
				0253D1011B8D8E340009A8D1 /* Info.plist */,
				0253D1021B8D8E340009A8D1 /* PushNotificationPayload.apns */,
			);
			name = "Supporting Files";
			sourceTree = "<group>";
		};
		0253D10F1B8D8E340009A8D1 /* WatchStudyNotes WatchKit App */ = {
			isa = PBXGroup;
			children = (
				0253D1121B8D8E340009A8D1 /* Interface.storyboard */,
				0253D1151B8D8E340009A8D1 /* Images.xcassets */,
				0253D1101B8D8E340009A8D1 /* Supporting Files */,
			);
			path = "WatchStudyNotes WatchKit App";
			sourceTree = "<group>";
		};
		0253D1101B8D8E340009A8D1 /* Supporting Files */ = {
			isa = PBXGroup;
			children = (
				0253D1111B8D8E340009A8D1 /* Info.plist */,
			);
			name = "Supporting Files";
			sourceTree = "<group>";
		};
		027783E51B8E6ACC00311AA1 /* Util */ = {
			isa = PBXGroup;
			children = (
				027783F11B8E70E900311AA1 /* Util.swift */,
				027783EF1B8E70BB00311AA1 /* Config.swift */,
				027783ED1B8E70A400311AA1 /* Enum.swift */,
				027783EB1B8E704D00311AA1 /* Api.swift */,
				027783E91B8E703600311AA1 /* ApiDelegate.swift */,
				027783E61B8E6AF700311AA1 /* Constant.swift */,
				02D8E08D1B8E6A26005CB348 /* BaseViewController.swift */,
			);
			name = Util;
			sourceTree = "<group>";
		};
		027783F51B8E7B6900311AA1 /* Model */ = {
			isa = PBXGroup;
			children = (
				027783F61B8E7B7C00311AA1 /* Note.swift */,
			);
			name = Model;
			sourceTree = "<group>";
		};
		02D8E08C1B8E69F2005CB348 /* Controllers */ = {
			isa = PBXGroup;
			children = (
				027783F31B8E755D00311AA1 /* HomeViewController.swift */,
			);
			name = Controllers;
			sourceTree = "<group>";
		};
		39E4126B68A44A9970388363 /* Pods */ = {
			isa = PBXGroup;
			children = (
				0E7D0B3A3F11608D60CE28AE /* Pods-WatchStudyNotes.debug.xcconfig */,
				1587B4562FBD003EECC9431A /* Pods-WatchStudyNotes.release.xcconfig */,
			);
			name = Pods;
			sourceTree = "<group>";
		};
		6C9072709A98BCE0EC78E27A /* Frameworks */ = {
			isa = PBXGroup;
			children = (
				2B802AEE0D62C9B19CEFE032 /* Pods_WatchStudyNotes.framework */,
			);
			name = Frameworks;
			sourceTree = "<group>";
		};
/* End PBXGroup section */

/* Begin PBXNativeTarget section */
		023433601B8D588D009307CB /* WatchStudyNotes */ = {
			isa = PBXNativeTarget;
			buildConfigurationList = 023433831B8D588D009307CB /* Build configuration list for PBXNativeTarget "WatchStudyNotes" */;
			buildPhases = (
				B7F9A83005AB2841F682F109 /* Check Pods Manifest.lock */,
				0234335D1B8D588D009307CB /* Sources */,
				0234335E1B8D588D009307CB /* Frameworks */,
				0234335F1B8D588D009307CB /* Resources */,
				0253D1201B8D8E350009A8D1 /* Embed App Extensions */,
				B2C7AACEA249094968C1F89B /* Embed Pods Frameworks */,
				05158620FE647E00D4A6FF93 /* Copy Pods Resources */,
			);
			buildRules = (
			);
			dependencies = (
				0253D1181B8D8E350009A8D1 /* PBXTargetDependency */,
			);
			name = WatchStudyNotes;
			productName = WatchStudyNotes;
			productReference = 023433611B8D588D009307CB /* WatchStudyNotes.app */;
			productType = "com.apple.product-type.application";
		};
		023433781B8D588D009307CB /* WatchStudyNotesTests */ = {
			isa = PBXNativeTarget;
			buildConfigurationList = 023433861B8D588D009307CB /* Build configuration list for PBXNativeTarget "WatchStudyNotesTests" */;
			buildPhases = (
				023433751B8D588D009307CB /* Sources */,
				023433761B8D588D009307CB /* Frameworks */,
				023433771B8D588D009307CB /* Resources */,
			);
			buildRules = (
			);
			dependencies = (
				0234337B1B8D588D009307CB /* PBXTargetDependency */,
			);
			name = WatchStudyNotesTests;
			productName = WatchStudyNotesTests;
			productReference = 023433791B8D588D009307CB /* WatchStudyNotesTests.xctest */;
			productType = "com.apple.product-type.bundle.unit-test";
		};
		0253D0FD1B8D8E340009A8D1 /* WatchStudyNotes WatchKit Extension */ = {
			isa = PBXNativeTarget;
			buildConfigurationList = 0253D11F1B8D8E350009A8D1 /* Build configuration list for PBXNativeTarget "WatchStudyNotes WatchKit Extension" */;
			buildPhases = (
				0253D0FA1B8D8E340009A8D1 /* Sources */,
				0253D0FB1B8D8E340009A8D1 /* Frameworks */,
				0253D0FC1B8D8E340009A8D1 /* Resources */,
			);
			buildRules = (
			);
			dependencies = (
				0253D10E1B8D8E340009A8D1 /* PBXTargetDependency */,
			);
			name = "WatchStudyNotes WatchKit Extension";
			productName = "WatchStudyNotes WatchKit Extension";
			productReference = 0253D0FE1B8D8E340009A8D1 /* WatchStudyNotes WatchKit Extension.appex */;
			productType = "com.apple.product-type.watchkit-extension";
		};
		0253D10A1B8D8E340009A8D1 /* WatchStudyNotes WatchKit App */ = {
			isa = PBXNativeTarget;
			buildConfigurationList = 0253D11E1B8D8E350009A8D1 /* Build configuration list for PBXNativeTarget "WatchStudyNotes WatchKit App" */;
			buildPhases = (
				0253D1091B8D8E340009A8D1 /* Resources */,
			);
			buildRules = (
			);
			dependencies = (
			);
			name = "WatchStudyNotes WatchKit App";
			productName = "WatchStudyNotes WatchKit App";
			productReference = 0253D10B1B8D8E340009A8D1 /* WatchStudyNotes WatchKit App.app */;
			productType = "com.apple.product-type.application.watchapp";
		};
/* End PBXNativeTarget section */

/* Begin PBXProject section */
		023433591B8D588D009307CB /* Project object */ = {
			isa = PBXProject;
			attributes = {
				LastUpgradeCheck = 0640;
				ORGANIZATIONNAME = "Weiran Ye";
				TargetAttributes = {
					023433601B8D588D009307CB = {
						CreatedOnToolsVersion = 6.4;
						DevelopmentTeam = SU48UGSAPP;
						SystemCapabilities = {
							com.apple.BackgroundModes = {
								enabled = 1;
							};
						};
					};
					023433781B8D588D009307CB = {
						CreatedOnToolsVersion = 6.4;
						TestTargetID = 023433601B8D588D009307CB;
					};
					0253D0FD1B8D8E340009A8D1 = {
						CreatedOnToolsVersion = 6.4;
					};
					0253D10A1B8D8E340009A8D1 = {
						CreatedOnToolsVersion = 6.4;
					};
				};
			};
			buildConfigurationList = 0234335C1B8D588D009307CB /* Build configuration list for PBXProject "WatchStudyNotes" */;
			compatibilityVersion = "Xcode 3.2";
			developmentRegion = English;
			hasScannedForEncodings = 0;
			knownRegions = (
				en,
				Base,
			);
			mainGroup = 023433581B8D588D009307CB;
			productRefGroup = 023433621B8D588D009307CB /* Products */;
			projectDirPath = "";
			projectRoot = "";
			targets = (
				023433601B8D588D009307CB /* WatchStudyNotes */,
				023433781B8D588D009307CB /* WatchStudyNotesTests */,
				0253D0FD1B8D8E340009A8D1 /* WatchStudyNotes WatchKit Extension */,
				0253D10A1B8D8E340009A8D1 /* WatchStudyNotes WatchKit App */,
			);
		};
/* End PBXProject section */

/* Begin PBXResourcesBuildPhase section */
		0234335F1B8D588D009307CB /* Resources */ = {
			isa = PBXResourcesBuildPhase;
			buildActionMask = 2147483647;
			files = (
				0234336F1B8D588D009307CB /* Main.storyboard in Resources */,
				023433741B8D588D009307CB /* LaunchScreen.xib in Resources */,
				023433711B8D588D009307CB /* Images.xcassets in Resources */,
			);
			runOnlyForDeploymentPostprocessing = 0;
		};
		023433771B8D588D009307CB /* Resources */ = {
			isa = PBXResourcesBuildPhase;
			buildActionMask = 2147483647;
			files = (
			);
			runOnlyForDeploymentPostprocessing = 0;
		};
		0253D0FC1B8D8E340009A8D1 /* Resources */ = {
			isa = PBXResourcesBuildPhase;
			buildActionMask = 2147483647;
			files = (
				0253D10C1B8D8E340009A8D1 /* WatchStudyNotes WatchKit App.app in Resources */,
				0253D1081B8D8E340009A8D1 /* Images.xcassets in Resources */,
			);
			runOnlyForDeploymentPostprocessing = 0;
		};
		0253D1091B8D8E340009A8D1 /* Resources */ = {
			isa = PBXResourcesBuildPhase;
			buildActionMask = 2147483647;
			files = (
				0253D1141B8D8E340009A8D1 /* Interface.storyboard in Resources */,
				0253D1161B8D8E340009A8D1 /* Images.xcassets in Resources */,
			);
			runOnlyForDeploymentPostprocessing = 0;
		};
/* End PBXResourcesBuildPhase section */

/* Begin PBXShellScriptBuildPhase section */
		05158620FE647E00D4A6FF93 /* Copy Pods Resources */ = {
			isa = PBXShellScriptBuildPhase;
			buildActionMask = 2147483647;
			files = (
			);
			inputPaths = (
			);
			name = "Copy Pods Resources";
			outputPaths = (
			);
			runOnlyForDeploymentPostprocessing = 0;
			shellPath = /bin/sh;
			shellScript = "\"${SRCROOT}/Pods/Target Support Files/Pods-WatchStudyNotes/Pods-WatchStudyNotes-resources.sh\"\n";
			showEnvVarsInLog = 0;
		};
		B2C7AACEA249094968C1F89B /* Embed Pods Frameworks */ = {
			isa = PBXShellScriptBuildPhase;
			buildActionMask = 2147483647;
			files = (
			);
			inputPaths = (
			);
			name = "Embed Pods Frameworks";
			outputPaths = (
			);
			runOnlyForDeploymentPostprocessing = 0;
			shellPath = /bin/sh;
			shellScript = "\"${SRCROOT}/Pods/Target Support Files/Pods-WatchStudyNotes/Pods-WatchStudyNotes-frameworks.sh\"\n";
			showEnvVarsInLog = 0;
		};
		B7F9A83005AB2841F682F109 /* Check Pods Manifest.lock */ = {
			isa = PBXShellScriptBuildPhase;
			buildActionMask = 2147483647;
			files = (
			);
			inputPaths = (
			);
			name = "Check Pods Manifest.lock";
			outputPaths = (
			);
			runOnlyForDeploymentPostprocessing = 0;
			shellPath = /bin/sh;
			shellScript = "diff \"${PODS_ROOT}/../Podfile.lock\" \"${PODS_ROOT}/Manifest.lock\" > /dev/null\nif [[ $? != 0 ]] ; then\n    cat << EOM\nerror: The sandbox is not in sync with the Podfile.lock. Run 'pod install' or update your CocoaPods installation.\nEOM\n    exit 1\nfi\n";
			showEnvVarsInLog = 0;
		};
/* End PBXShellScriptBuildPhase section */

/* Begin PBXSourcesBuildPhase section */
		0234335D1B8D588D009307CB /* Sources */ = {
			isa = PBXSourcesBuildPhase;
			buildActionMask = 2147483647;
			files = (
				027783EC1B8E704D00311AA1 /* Api.swift in Sources */,
				027783F21B8E70E900311AA1 /* Util.swift in Sources */,
				027783EA1B8E703600311AA1 /* ApiDelegate.swift in Sources */,
				023433671B8D588D009307CB /* AppDelegate.swift in Sources */,
				0234336A1B8D588D009307CB /* WatchStudyNotes.xcdatamodeld in Sources */,
				027783F41B8E755D00311AA1 /* HomeViewController.swift in Sources */,
				027783EE1B8E70A400311AA1 /* Enum.swift in Sources */,
				027783F71B8E7B7C00311AA1 /* Note.swift in Sources */,
				027783F01B8E70BB00311AA1 /* Config.swift in Sources */,
				02D8E08E1B8E6A26005CB348 /* BaseViewController.swift in Sources */,
				027783E71B8E6AF700311AA1 /* Constant.swift in Sources */,
			);
			runOnlyForDeploymentPostprocessing = 0;
		};
		023433751B8D588D009307CB /* Sources */ = {
			isa = PBXSourcesBuildPhase;
			buildActionMask = 2147483647;
			files = (
				023433801B8D588D009307CB /* WatchStudyNotesTests.swift in Sources */,
			);
			runOnlyForDeploymentPostprocessing = 0;
		};
		0253D0FA1B8D8E340009A8D1 /* Sources */ = {
			isa = PBXSourcesBuildPhase;
			buildActionMask = 2147483647;
			files = (
				0253D1061B8D8E340009A8D1 /* NotificationController.swift in Sources */,
				0253D1041B8D8E340009A8D1 /* InterfaceController.swift in Sources */,
			);
			runOnlyForDeploymentPostprocessing = 0;
		};
/* End PBXSourcesBuildPhase section */

/* Begin PBXTargetDependency section */
		0234337B1B8D588D009307CB /* PBXTargetDependency */ = {
			isa = PBXTargetDependency;
			target = 023433601B8D588D009307CB /* WatchStudyNotes */;
			targetProxy = 0234337A1B8D588D009307CB /* PBXContainerItemProxy */;
		};
		0253D10E1B8D8E340009A8D1 /* PBXTargetDependency */ = {
			isa = PBXTargetDependency;
			target = 0253D10A1B8D8E340009A8D1 /* WatchStudyNotes WatchKit App */;
			targetProxy = 0253D10D1B8D8E340009A8D1 /* PBXContainerItemProxy */;
		};
		0253D1181B8D8E350009A8D1 /* PBXTargetDependency */ = {
			isa = PBXTargetDependency;
			target = 0253D0FD1B8D8E340009A8D1 /* WatchStudyNotes WatchKit Extension */;
			targetProxy = 0253D1171B8D8E350009A8D1 /* PBXContainerItemProxy */;
		};
/* End PBXTargetDependency section */

/* Begin PBXVariantGroup section */
		0234336D1B8D588D009307CB /* Main.storyboard */ = {
			isa = PBXVariantGroup;
			children = (
				0234336E1B8D588D009307CB /* Base */,
			);
			name = Main.storyboard;
			sourceTree = "<group>";
		};
		023433721B8D588D009307CB /* LaunchScreen.xib */ = {
			isa = PBXVariantGroup;
			children = (
				023433731B8D588D009307CB /* Base */,
			);
			name = LaunchScreen.xib;
			sourceTree = "<group>";
		};
		0253D1121B8D8E340009A8D1 /* Interface.storyboard */ = {
			isa = PBXVariantGroup;
			children = (
				0253D1131B8D8E340009A8D1 /* Base */,
			);
			name = Interface.storyboard;
			sourceTree = "<group>";
		};
/* End PBXVariantGroup section */

/* Begin XCBuildConfiguration section */
		023433811B8D588D009307CB /* Debug */ = {
			isa = XCBuildConfiguration;
			buildSettings = {
				ALWAYS_SEARCH_USER_PATHS = NO;
				CLANG_CXX_LANGUAGE_STANDARD = "gnu++0x";
				CLANG_CXX_LIBRARY = "libc++";
				CLANG_ENABLE_MODULES = YES;
				CLANG_ENABLE_OBJC_ARC = YES;
				CLANG_WARN_BOOL_CONVERSION = YES;
				CLANG_WARN_CONSTANT_CONVERSION = YES;
				CLANG_WARN_DIRECT_OBJC_ISA_USAGE = YES_ERROR;
				CLANG_WARN_EMPTY_BODY = YES;
				CLANG_WARN_ENUM_CONVERSION = YES;
				CLANG_WARN_INT_CONVERSION = YES;
				CLANG_WARN_OBJC_ROOT_CLASS = YES_ERROR;
				CLANG_WARN_UNREACHABLE_CODE = YES;
				CLANG_WARN__DUPLICATE_METHOD_MATCH = YES;
				"CODE_SIGN_IDENTITY[sdk=iphoneos*]" = "iPhone Developer";
				COPY_PHASE_STRIP = NO;
				DEBUG_INFORMATION_FORMAT = "dwarf-with-dsym";
				ENABLE_STRICT_OBJC_MSGSEND = YES;
				GCC_C_LANGUAGE_STANDARD = gnu99;
				GCC_DYNAMIC_NO_PIC = NO;
				GCC_NO_COMMON_BLOCKS = YES;
				GCC_OPTIMIZATION_LEVEL = 0;
				GCC_PREPROCESSOR_DEFINITIONS = (
					"DEBUG=1",
					"$(inherited)",
				);
				GCC_SYMBOLS_PRIVATE_EXTERN = NO;
				GCC_WARN_64_TO_32_BIT_CONVERSION = YES;
				GCC_WARN_ABOUT_RETURN_TYPE = YES_ERROR;
				GCC_WARN_UNDECLARED_SELECTOR = YES;
				GCC_WARN_UNINITIALIZED_AUTOS = YES_AGGRESSIVE;
				GCC_WARN_UNUSED_FUNCTION = YES;
				GCC_WARN_UNUSED_VARIABLE = YES;
				IPHONEOS_DEPLOYMENT_TARGET = 8.4;
				MTL_ENABLE_DEBUG_INFO = YES;
				ONLY_ACTIVE_ARCH = YES;
				SDKROOT = iphoneos;
				SWIFT_OPTIMIZATION_LEVEL = "-Onone";
				TARGETED_DEVICE_FAMILY = "1,2";
			};
			name = Debug;
		};
		023433821B8D588D009307CB /* Release */ = {
			isa = XCBuildConfiguration;
			buildSettings = {
				ALWAYS_SEARCH_USER_PATHS = NO;
				CLANG_CXX_LANGUAGE_STANDARD = "gnu++0x";
				CLANG_CXX_LIBRARY = "libc++";
				CLANG_ENABLE_MODULES = YES;
				CLANG_ENABLE_OBJC_ARC = YES;
				CLANG_WARN_BOOL_CONVERSION = YES;
				CLANG_WARN_CONSTANT_CONVERSION = YES;
				CLANG_WARN_DIRECT_OBJC_ISA_USAGE = YES_ERROR;
				CLANG_WARN_EMPTY_BODY = YES;
				CLANG_WARN_ENUM_CONVERSION = YES;
				CLANG_WARN_INT_CONVERSION = YES;
				CLANG_WARN_OBJC_ROOT_CLASS = YES_ERROR;
				CLANG_WARN_UNREACHABLE_CODE = YES;
				CLANG_WARN__DUPLICATE_METHOD_MATCH = YES;
				"CODE_SIGN_IDENTITY[sdk=iphoneos*]" = "iPhone Developer";
				COPY_PHASE_STRIP = NO;
				DEBUG_INFORMATION_FORMAT = "dwarf-with-dsym";
				ENABLE_NS_ASSERTIONS = NO;
				ENABLE_STRICT_OBJC_MSGSEND = YES;
				GCC_C_LANGUAGE_STANDARD = gnu99;
				GCC_NO_COMMON_BLOCKS = YES;
				GCC_WARN_64_TO_32_BIT_CONVERSION = YES;
				GCC_WARN_ABOUT_RETURN_TYPE = YES_ERROR;
				GCC_WARN_UNDECLARED_SELECTOR = YES;
				GCC_WARN_UNINITIALIZED_AUTOS = YES_AGGRESSIVE;
				GCC_WARN_UNUSED_FUNCTION = YES;
				GCC_WARN_UNUSED_VARIABLE = YES;
				IPHONEOS_DEPLOYMENT_TARGET = 8.4;
				MTL_ENABLE_DEBUG_INFO = NO;
				SDKROOT = iphoneos;
				TARGETED_DEVICE_FAMILY = "1,2";
				VALIDATE_PRODUCT = YES;
			};
			name = Release;
		};
		023433841B8D588D009307CB /* Debug */ = {
			isa = XCBuildConfiguration;
			baseConfigurationReference = 0E7D0B3A3F11608D60CE28AE /* Pods-WatchStudyNotes.debug.xcconfig */;
			buildSettings = {
				ASSETCATALOG_COMPILER_APPICON_NAME = AppIcon;
				CODE_SIGN_IDENTITY = "iPhone Developer";
				INFOPLIST_FILE = WatchStudyNotes/Info.plist;
				IPHONEOS_DEPLOYMENT_TARGET = 8.0;
				LD_RUNPATH_SEARCH_PATHS = "$(inherited) @executable_path/Frameworks";
				PRODUCT_NAME = "$(TARGET_NAME)";
			};
			name = Debug;
		};
		023433851B8D588D009307CB /* Release */ = {
			isa = XCBuildConfiguration;
			baseConfigurationReference = 1587B4562FBD003EECC9431A /* Pods-WatchStudyNotes.release.xcconfig */;
			buildSettings = {
				ASSETCATALOG_COMPILER_APPICON_NAME = AppIcon;
				CODE_SIGN_IDENTITY = "iPhone Developer";
				INFOPLIST_FILE = WatchStudyNotes/Info.plist;
				IPHONEOS_DEPLOYMENT_TARGET = 8.0;
				LD_RUNPATH_SEARCH_PATHS = "$(inherited) @executable_path/Frameworks";
				PRODUCT_NAME = "$(TARGET_NAME)";
			};
			name = Release;
		};
		023433871B8D588D009307CB /* Debug */ = {
			isa = XCBuildConfiguration;
			buildSettings = {
				BUNDLE_LOADER = "$(TEST_HOST)";
				FRAMEWORK_SEARCH_PATHS = (
					"$(SDKROOT)/Developer/Library/Frameworks",
					"$(inherited)",
				);
				GCC_PREPROCESSOR_DEFINITIONS = (
					"DEBUG=1",
					"$(inherited)",
				);
				INFOPLIST_FILE = WatchStudyNotesTests/Info.plist;
				LD_RUNPATH_SEARCH_PATHS = "$(inherited) @executable_path/Frameworks @loader_path/Frameworks";
				PRODUCT_NAME = "$(TARGET_NAME)";
				TEST_HOST = "$(BUILT_PRODUCTS_DIR)/WatchStudyNotes.app/WatchStudyNotes";
			};
			name = Debug;
		};
		023433881B8D588D009307CB /* Release */ = {
			isa = XCBuildConfiguration;
			buildSettings = {
				BUNDLE_LOADER = "$(TEST_HOST)";
				FRAMEWORK_SEARCH_PATHS = (
					"$(SDKROOT)/Developer/Library/Frameworks",
					"$(inherited)",
				);
				INFOPLIST_FILE = WatchStudyNotesTests/Info.plist;
				LD_RUNPATH_SEARCH_PATHS = "$(inherited) @executable_path/Frameworks @loader_path/Frameworks";
				PRODUCT_NAME = "$(TARGET_NAME)";
				TEST_HOST = "$(BUILT_PRODUCTS_DIR)/WatchStudyNotes.app/WatchStudyNotes";
			};
			name = Release;
		};
		0253D11A1B8D8E350009A8D1 /* Debug */ = {
			isa = XCBuildConfiguration;
			buildSettings = {
				GCC_PREPROCESSOR_DEFINITIONS = (
					"DEBUG=1",
					"$(inherited)",
				);
				INFOPLIST_FILE = "WatchStudyNotes WatchKit Extension/Info.plist";
				LD_RUNPATH_SEARCH_PATHS = "$(inherited) @executable_path/Frameworks @executable_path/../../Frameworks";
				PRODUCT_NAME = "${TARGET_NAME}";
				SKIP_INSTALL = YES;
			};
			name = Debug;
		};
		0253D11B1B8D8E350009A8D1 /* Release */ = {
			isa = XCBuildConfiguration;
			buildSettings = {
				INFOPLIST_FILE = "WatchStudyNotes WatchKit Extension/Info.plist";
				LD_RUNPATH_SEARCH_PATHS = "$(inherited) @executable_path/Frameworks @executable_path/../../Frameworks";
				PRODUCT_NAME = "${TARGET_NAME}";
				SKIP_INSTALL = YES;
			};
			name = Release;
		};
		0253D11C1B8D8E350009A8D1 /* Debug */ = {
			isa = XCBuildConfiguration;
			buildSettings = {
				ASSETCATALOG_COMPILER_APPICON_NAME = AppIcon;
				GCC_PREPROCESSOR_DEFINITIONS = (
					"DEBUG=1",
					"$(inherited)",
				);
				IBSC_MODULE = WatchStudyNotes_WatchKit_Extension;
				INFOPLIST_FILE = "WatchStudyNotes WatchKit App/Info.plist";
				IPHONEOS_DEPLOYMENT_TARGET = 8.2;
				PRODUCT_NAME = "$(TARGET_NAME)";
				SKIP_INSTALL = YES;
				TARGETED_DEVICE_FAMILY = 4;
				"TARGETED_DEVICE_FAMILY[sdk=iphonesimulator*]" = "1,4";
			};
			name = Debug;
		};
		0253D11D1B8D8E350009A8D1 /* Release */ = {
			isa = XCBuildConfiguration;
			buildSettings = {
				ASSETCATALOG_COMPILER_APPICON_NAME = AppIcon;
				IBSC_MODULE = WatchStudyNotes_WatchKit_Extension;
				INFOPLIST_FILE = "WatchStudyNotes WatchKit App/Info.plist";
				IPHONEOS_DEPLOYMENT_TARGET = 8.2;
				PRODUCT_NAME = "$(TARGET_NAME)";
				SKIP_INSTALL = YES;
				TARGETED_DEVICE_FAMILY = 4;
				"TARGETED_DEVICE_FAMILY[sdk=iphonesimulator*]" = "1,4";
			};
			name = Release;
		};
/* End XCBuildConfiguration section */

/* Begin XCConfigurationList section */
		0234335C1B8D588D009307CB /* Build configuration list for PBXProject "WatchStudyNotes" */ = {
			isa = XCConfigurationList;
			buildConfigurations = (
				023433811B8D588D009307CB /* Debug */,
				023433821B8D588D009307CB /* Release */,
			);
			defaultConfigurationIsVisible = 0;
			defaultConfigurationName = Release;
		};
		023433831B8D588D009307CB /* Build configuration list for PBXNativeTarget "WatchStudyNotes" */ = {
			isa = XCConfigurationList;
			buildConfigurations = (
				023433841B8D588D009307CB /* Debug */,
				023433851B8D588D009307CB /* Release */,
			);
			defaultConfigurationIsVisible = 0;
			defaultConfigurationName = Release;
		};
		023433861B8D588D009307CB /* Build configuration list for PBXNativeTarget "WatchStudyNotesTests" */ = {
			isa = XCConfigurationList;
			buildConfigurations = (
				023433871B8D588D009307CB /* Debug */,
				023433881B8D588D009307CB /* Release */,
			);
			defaultConfigurationIsVisible = 0;
			defaultConfigurationName = Release;
		};
		0253D11E1B8D8E350009A8D1 /* Build configuration list for PBXNativeTarget "WatchStudyNotes WatchKit App" */ = {
			isa = XCConfigurationList;
			buildConfigurations = (
				0253D11C1B8D8E350009A8D1 /* Debug */,
				0253D11D1B8D8E350009A8D1 /* Release */,
			);
			defaultConfigurationIsVisible = 0;
			defaultConfigurationName = Release;
		};
		0253D11F1B8D8E350009A8D1 /* Build configuration list for PBXNativeTarget "WatchStudyNotes WatchKit Extension" */ = {
			isa = XCConfigurationList;
			buildConfigurations = (
				0253D11A1B8D8E350009A8D1 /* Debug */,
				0253D11B1B8D8E350009A8D1 /* Release */,
			);
			defaultConfigurationIsVisible = 0;
			defaultConfigurationName = Release;
		};
/* End XCConfigurationList section */

/* Begin XCVersionGroup section */
		023433681B8D588D009307CB /* WatchStudyNotes.xcdatamodeld */ = {
			isa = XCVersionGroup;
			children = (
				023433691B8D588D009307CB /* WatchStudyNotes.xcdatamodel */,
			);
			currentVersion = 023433691B8D588D009307CB /* WatchStudyNotes.xcdatamodel */;
			path = WatchStudyNotes.xcdatamodeld;
			sourceTree = "<group>";
			versionGroupType = wrapper.xcdatamodel;
		};
/* End XCVersionGroup section */
	};
	rootObject = 023433591B8D588D009307CB /* Project object */;
}
