// !$*UTF8*$!
{
	archiveVersion = 1;
	classes = {
	};
	objectVersion = 46;
	objects = {

/* Begin PBXBuildFile section */
		023433671B8D588D009307CB /* AppDelegate.swift in Sources */ = {isa = PBXBuildFile; fileRef = 023433661B8D588D009307CB /* AppDelegate.swift */; };
		0234336A1B8D588D009307CB /* WatchStudyNotes.xcdatamodeld in Sources */ = {isa = PBXBuildFile; fileRef = 023433681B8D588D009307CB /* WatchStudyNotes.xcdatamodeld */; };
		0234336C1B8D588D009307CB /* ViewController.swift in Sources */ = {isa = PBXBuildFile; fileRef = 0234336B1B8D588D009307CB /* ViewController.swift */; };
		0234336F1B8D588D009307CB /* Main.storyboard in Resources */ = {isa = PBXBuildFile; fileRef = 0234336D1B8D588D009307CB /* Main.storyboard */; };
		023433711B8D588D009307CB /* Images.xcassets in Resources */ = {isa = PBXBuildFile; fileRef = 023433701B8D588D009307CB /* Images.xcassets */; };
		023433741B8D588D009307CB /* LaunchScreen.xib in Resources */ = {isa = PBXBuildFile; fileRef = 023433721B8D588D009307CB /* LaunchScreen.xib */; };
		023433801B8D588D009307CB /* WatchStudyNotesTests.swift in Sources */ = {isa = PBXBuildFile; fileRef = 0234337F1B8D588D009307CB /* WatchStudyNotesTests.swift */; };
/* End PBXBuildFile section */

/* Begin PBXContainerItemProxy section */
		0234337A1B8D588D009307CB /* PBXContainerItemProxy */ = {
			isa = PBXContainerItemProxy;
			containerPortal = 023433591B8D588D009307CB /* Project object */;
			proxyType = 1;
			remoteGlobalIDString = 023433601B8D588D009307CB;
			remoteInfo = WatchStudyNotes;
		};
/* End PBXContainerItemProxy section */

/* Begin PBXFileReference section */
		023433611B8D588D009307CB /* WatchStudyNotes.app */ = {isa = PBXFileReference; explicitFileType = wrapper.application; includeInIndex = 0; path = WatchStudyNotes.app; sourceTree = BUILT_PRODUCTS_DIR; };
		023433651B8D588D009307CB /* Info.plist */ = {isa = PBXFileReference; lastKnownFileType = text.plist.xml; path = Info.plist; sourceTree = "<group>"; };
		023433661B8D588D009307CB /* AppDelegate.swift */ = {isa = PBXFileReference; lastKnownFileType = sourcecode.swift; path = AppDelegate.swift; sourceTree = "<group>"; };
		023433691B8D588D009307CB /* WatchStudyNotes.xcdatamodel */ = {isa = PBXFileReference; lastKnownFileType = wrapper.xcdatamodel; path = WatchStudyNotes.xcdatamodel; sourceTree = "<group>"; };
		0234336B1B8D588D009307CB /* ViewController.swift */ = {isa = PBXFileReference; lastKnownFileType = sourcecode.swift; path = ViewController.swift; sourceTree = "<group>"; };
		0234336E1B8D588D009307CB /* Base */ = {isa = PBXFileReference; lastKnownFileType = file.storyboard; name = Base; path = Base.lproj/Main.storyboard; sourceTree = "<group>"; };
		023433701B8D588D009307CB /* Images.xcassets */ = {isa = PBXFileReference; lastKnownFileType = folder.assetcatalog; path = Images.xcassets; sourceTree = "<group>"; };
		023433731B8D588D009307CB /* Base */ = {isa = PBXFileReference; lastKnownFileType = file.xib; name = Base; path = Base.lproj/LaunchScreen.xib; sourceTree = "<group>"; };
		023433791B8D588D009307CB /* WatchStudyNotesTests.xctest */ = {isa = PBXFileReference; explicitFileType = wrapper.cfbundle; includeInIndex = 0; path = WatchStudyNotesTests.xctest; sourceTree = BUILT_PRODUCTS_DIR; };
		0234337E1B8D588D009307CB /* Info.plist */ = {isa = PBXFileReference; lastKnownFileType = text.plist.xml; path = Info.plist; sourceTree = "<group>"; };
		0234337F1B8D588D009307CB /* WatchStudyNotesTests.swift */ = {isa = PBXFileReference; lastKnownFileType = sourcecode.swift; path = WatchStudyNotesTests.swift; sourceTree = "<group>"; };
/* End PBXFileReference section */

/* Begin PBXFrameworksBuildPhase section */
		0234335E1B8D588D009307CB /* Frameworks */ = {
			isa = PBXFrameworksBuildPhase;
			buildActionMask = 2147483647;
			files = (
			);
			runOnlyForDeploymentPostprocessing = 0;
		};
		023433761B8D588D009307CB /* Frameworks */ = {
			isa = PBXFrameworksBuildPhase;
			buildActionMask = 2147483647;
			files = (
			);
			runOnlyForDeploymentPostprocessing = 0;
		};
/* End PBXFrameworksBuildPhase section */

/* Begin PBXGroup section */
		023433581B8D588D009307CB = {
			isa = PBXGroup;
			children = (
				023433631B8D588D009307CB /* WatchStudyNotes */,
				0234337C1B8D588D009307CB /* WatchStudyNotesTests */,
				023433621B8D588D009307CB /* Products */,
			);
			sourceTree = "<group>";
		};
		023433621B8D588D009307CB /* Products */ = {
			isa = PBXGroup;
			children = (
				023433611B8D588D009307CB /* WatchStudyNotes.app */,
				023433791B8D588D009307CB /* WatchStudyNotesTests.xctest */,
			);
			name = Products;
			sourceTree = "<group>";
		};
		023433631B8D588D009307CB /* WatchStudyNotes */ = {
			isa = PBXGroup;
			children = (
				023433661B8D588D009307CB /* AppDelegate.swift */,
				0234336B1B8D588D009307CB /* ViewController.swift */,
				0234336D1B8D588D009307CB /* Main.storyboard */,
				023433701B8D588D009307CB /* Images.xcassets */,
				023433721B8D588D009307CB /* LaunchScreen.xib */,
				023433681B8D588D009307CB /* WatchStudyNotes.xcdatamodeld */,
				023433641B8D588D009307CB /* Supporting Files */,
			);
			path = WatchStudyNotes;
			sourceTree = "<group>";
		};
		023433641B8D588D009307CB /* Supporting Files */ = {
			isa = PBXGroup;
			children = (
				023433651B8D588D009307CB /* Info.plist */,
			);
			name = "Supporting Files";
			sourceTree = "<group>";
		};
		0234337C1B8D588D009307CB /* WatchStudyNotesTests */ = {
			isa = PBXGroup;
			children = (
				0234337F1B8D588D009307CB /* WatchStudyNotesTests.swift */,
				0234337D1B8D588D009307CB /* Supporting Files */,
			);
			path = WatchStudyNotesTests;
			sourceTree = "<group>";
		};
		0234337D1B8D588D009307CB /* Supporting Files */ = {
			isa = PBXGroup;
			children = (
				0234337E1B8D588D009307CB /* Info.plist */,
			);
			name = "Supporting Files";
			sourceTree = "<group>";
		};
/* End PBXGroup section */

/* Begin PBXNativeTarget section */
		023433601B8D588D009307CB /* WatchStudyNotes */ = {
			isa = PBXNativeTarget;
			buildConfigurationList = 023433831B8D588D009307CB /* Build configuration list for PBXNativeTarget "WatchStudyNotes" */;
			buildPhases = (
				0234335D1B8D588D009307CB /* Sources */,
				0234335E1B8D588D009307CB /* Frameworks */,
				0234335F1B8D588D009307CB /* Resources */,
			);
			buildRules = (
			);
			dependencies = (
			);
			name = WatchStudyNotes;
			productName = WatchStudyNotes;
			productReference = 023433611B8D588D009307CB /* WatchStudyNotes.app */;
			productType = "com.apple.product-type.application";
		};
		023433781B8D588D009307CB /* WatchStudyNotesTests */ = {
			isa = PBXNativeTarget;
			buildConfigurationList = 023433861B8D588D009307CB /* Build configuration list for PBXNativeTarget "WatchStudyNotesTests" */;
			buildPhases = (
				023433751B8D588D009307CB /* Sources */,
				023433761B8D588D009307CB /* Frameworks */,
				023433771B8D588D009307CB /* Resources */,
			);
			buildRules = (
			);
			dependencies = (
				0234337B1B8D588D009307CB /* PBXTargetDependency */,
			);
			name = WatchStudyNotesTests;
			productName = WatchStudyNotesTests;
			productReference = 023433791B8D588D009307CB /* WatchStudyNotesTests.xctest */;
			productType = "com.apple.product-type.bundle.unit-test";
		};
/* End PBXNativeTarget section */

/* Begin PBXProject section */
		023433591B8D588D009307CB /* Project object */ = {
			isa = PBXProject;
			attributes = {
				LastUpgradeCheck = 0640;
				ORGANIZATIONNAME = "Weiran Ye";
				TargetAttributes = {
					023433601B8D588D009307CB = {
						CreatedOnToolsVersion = 6.4;
					};
					023433781B8D588D009307CB = {
						CreatedOnToolsVersion = 6.4;
						TestTargetID = 023433601B8D588D009307CB;
					};
				};
			};
			buildConfigurationList = 0234335C1B8D588D009307CB /* Build configuration list for PBXProject "WatchStudyNotes" */;
			compatibilityVersion = "Xcode 3.2";
			developmentRegion = English;
			hasScannedForEncodings = 0;
			knownRegions = (
				en,
				Base,
			);
			mainGroup = 023433581B8D588D009307CB;
			productRefGroup = 023433621B8D588D009307CB /* Products */;
			projectDirPath = "";
			projectRoot = "";
			targets = (
				023433601B8D588D009307CB /* WatchStudyNotes */,
				023433781B8D588D009307CB /* WatchStudyNotesTests */,
			);
		};
/* End PBXProject section */

/* Begin PBXResourcesBuildPhase section */
		0234335F1B8D588D009307CB /* Resources */ = {
			isa = PBXResourcesBuildPhase;
			buildActionMask = 2147483647;
			files = (
				0234336F1B8D588D009307CB /* Main.storyboard in Resources */,
				023433741B8D588D009307CB /* LaunchScreen.xib in Resources */,
				023433711B8D588D009307CB /* Images.xcassets in Resources */,
			);
			runOnlyForDeploymentPostprocessing = 0;
		};
		023433771B8D588D009307CB /* Resources */ = {
			isa = PBXResourcesBuildPhase;
			buildActionMask = 2147483647;
			files = (
			);
			runOnlyForDeploymentPostprocessing = 0;
		};
/* End PBXResourcesBuildPhase section */

/* Begin PBXSourcesBuildPhase section */
		0234335D1B8D588D009307CB /* Sources */ = {
			isa = PBXSourcesBuildPhase;
			buildActionMask = 2147483647;
			files = (
				0234336C1B8D588D009307CB /* ViewController.swift in Sources */,
				023433671B8D588D009307CB /* AppDelegate.swift in Sources */,
				0234336A1B8D588D009307CB /* WatchStudyNotes.xcdatamodeld in Sources */,
			);
			runOnlyForDeploymentPostprocessing = 0;
		};
		023433751B8D588D009307CB /* Sources */ = {
			isa = PBXSourcesBuildPhase;
			buildActionMask = 2147483647;
			files = (
				023433801B8D588D009307CB /* WatchStudyNotesTests.swift in Sources */,
			);
			runOnlyForDeploymentPostprocessing = 0;
		};
/* End PBXSourcesBuildPhase section */

/* Begin PBXTargetDependency section */
		0234337B1B8D588D009307CB /* PBXTargetDependency */ = {
			isa = PBXTargetDependency;
			target = 023433601B8D588D009307CB /* WatchStudyNotes */;
			targetProxy = 0234337A1B8D588D009307CB /* PBXContainerItemProxy */;
		};
/* End PBXTargetDependency section */

/* Begin PBXVariantGroup section */
		0234336D1B8D588D009307CB /* Main.storyboard */ = {
			isa = PBXVariantGroup;
			children = (
				0234336E1B8D588D009307CB /* Base */,
			);
			name = Main.storyboard;
			sourceTree = "<group>";
		};
		023433721B8D588D009307CB /* LaunchScreen.xib */ = {
			isa = PBXVariantGroup;
			children = (
				023433731B8D588D009307CB /* Base */,
			);
			name = LaunchScreen.xib;
			sourceTree = "<group>";
		};
/* End PBXVariantGroup section */

/* Begin XCBuildConfiguration section */
		023433811B8D588D009307CB /* Debug */ = {
			isa = XCBuildConfiguration;
			buildSettings = {
				ALWAYS_SEARCH_USER_PATHS = NO;
				CLANG_CXX_LANGUAGE_STANDARD = "gnu++0x";
				CLANG_CXX_LIBRARY = "libc++";
				CLANG_ENABLE_MODULES = YES;
				CLANG_ENABLE_OBJC_ARC = YES;
				CLANG_WARN_BOOL_CONVERSION = YES;
				CLANG_WARN_CONSTANT_CONVERSION = YES;
				CLANG_WARN_DIRECT_OBJC_ISA_USAGE = YES_ERROR;
				CLANG_WARN_EMPTY_BODY = YES;
				CLANG_WARN_ENUM_CONVERSION = YES;
				CLANG_WARN_INT_CONVERSION = YES;
				CLANG_WARN_OBJC_ROOT_CLASS = YES_ERROR;
				CLANG_WARN_UNREACHABLE_CODE = YES;
				CLANG_WARN__DUPLICATE_METHOD_MATCH = YES;
				"CODE_SIGN_IDENTITY[sdk=iphoneos*]" = "iPhone Developer";
				COPY_PHASE_STRIP = NO;
				DEBUG_INFORMATION_FORMAT = "dwarf-with-dsym";
				ENABLE_STRICT_OBJC_MSGSEND = YES;
				GCC_C_LANGUAGE_STANDARD = gnu99;
				GCC_DYNAMIC_NO_PIC = NO;
				GCC_NO_COMMON_BLOCKS = YES;
				GCC_OPTIMIZATION_LEVEL = 0;
				GCC_PREPROCESSOR_DEFINITIONS = (
					"DEBUG=1",
					"$(inherited)",
				);
				GCC_SYMBOLS_PRIVATE_EXTERN = NO;
				GCC_WARN_64_TO_32_BIT_CONVERSION = YES;
				GCC_WARN_ABOUT_RETURN_TYPE = YES_ERROR;
				GCC_WARN_UNDECLARED_SELECTOR = YES;
				GCC_WARN_UNINITIALIZED_AUTOS = YES_AGGRESSIVE;
				GCC_WARN_UNUSED_FUNCTION = YES;
				GCC_WARN_UNUSED_VARIABLE = YES;
				IPHONEOS_DEPLOYMENT_TARGET = 8.4;
				MTL_ENABLE_DEBUG_INFO = YES;
				ONLY_ACTIVE_ARCH = YES;
				SDKROOT = iphoneos;
				SWIFT_OPTIMIZATION_LEVEL = "-Onone";
				TARGETED_DEVICE_FAMILY = "1,2";
			};
			name = Debug;
		};
		023433821B8D588D009307CB /* Release */ = {
			isa = XCBuildConfiguration;
			buildSettings = {
				ALWAYS_SEARCH_USER_PATHS = NO;
				CLANG_CXX_LANGUAGE_STANDARD = "gnu++0x";
				CLANG_CXX_LIBRARY = "libc++";
				CLANG_ENABLE_MODULES = YES;
				CLANG_ENABLE_OBJC_ARC = YES;
				CLANG_WARN_BOOL_CONVERSION = YES;
				CLANG_WARN_CONSTANT_CONVERSION = YES;
				CLANG_WARN_DIRECT_OBJC_ISA_USAGE = YES_ERROR;
				CLANG_WARN_EMPTY_BODY = YES;
				CLANG_WARN_ENUM_CONVERSION = YES;
				CLANG_WARN_INT_CONVERSION = YES;
				CLANG_WARN_OBJC_ROOT_CLASS = YES_ERROR;
				CLANG_WARN_UNREACHABLE_CODE = YES;
				CLANG_WARN__DUPLICATE_METHOD_MATCH = YES;
				"CODE_SIGN_IDENTITY[sdk=iphoneos*]" = "iPhone Developer";
				COPY_PHASE_STRIP = NO;
				DEBUG_INFORMATION_FORMAT = "dwarf-with-dsym";
				ENABLE_NS_ASSERTIONS = NO;
				ENABLE_STRICT_OBJC_MSGSEND = YES;
				GCC_C_LANGUAGE_STANDARD = gnu99;
				GCC_NO_COMMON_BLOCKS = YES;
				GCC_WARN_64_TO_32_BIT_CONVERSION = YES;
				GCC_WARN_ABOUT_RETURN_TYPE = YES_ERROR;
				GCC_WARN_UNDECLARED_SELECTOR = YES;
				GCC_WARN_UNINITIALIZED_AUTOS = YES_AGGRESSIVE;
				GCC_WARN_UNUSED_FUNCTION = YES;
				GCC_WARN_UNUSED_VARIABLE = YES;
				IPHONEOS_DEPLOYMENT_TARGET = 8.4;
				MTL_ENABLE_DEBUG_INFO = NO;
				SDKROOT = iphoneos;
				TARGETED_DEVICE_FAMILY = "1,2";
				VALIDATE_PRODUCT = YES;
			};
			name = Release;
		};
		023433841B8D588D009307CB /* Debug */ = {
			isa = XCBuildConfiguration;
			buildSettings = {
				ASSETCATALOG_COMPILER_APPICON_NAME = AppIcon;
				INFOPLIST_FILE = WatchStudyNotes/Info.plist;
				IPHONEOS_DEPLOYMENT_TARGET = 8.0;
				LD_RUNPATH_SEARCH_PATHS = "$(inherited) @executable_path/Frameworks";
				PRODUCT_NAME = "$(TARGET_NAME)";
			};
			name = Debug;
		};
		023433851B8D588D009307CB /* Release */ = {
			isa = XCBuildConfiguration;
			buildSettings = {
				ASSETCATALOG_COMPILER_APPICON_NAME = AppIcon;
				INFOPLIST_FILE = WatchStudyNotes/Info.plist;
				IPHONEOS_DEPLOYMENT_TARGET = 8.0;
				LD_RUNPATH_SEARCH_PATHS = "$(inherited) @executable_path/Frameworks";
				PRODUCT_NAME = "$(TARGET_NAME)";
			};
			name = Release;
		};
		023433871B8D588D009307CB /* Debug */ = {
			isa = XCBuildConfiguration;
			buildSettings = {
				BUNDLE_LOADER = "$(TEST_HOST)";
				FRAMEWORK_SEARCH_PATHS = (
					"$(SDKROOT)/Developer/Library/Frameworks",
					"$(inherited)",
				);
				GCC_PREPROCESSOR_DEFINITIONS = (
					"DEBUG=1",
					"$(inherited)",
				);
				INFOPLIST_FILE = WatchStudyNotesTests/Info.plist;
				LD_RUNPATH_SEARCH_PATHS = "$(inherited) @executable_path/Frameworks @loader_path/Frameworks";
				PRODUCT_NAME = "$(TARGET_NAME)";
				TEST_HOST = "$(BUILT_PRODUCTS_DIR)/WatchStudyNotes.app/WatchStudyNotes";
			};
			name = Debug;
		};
		023433881B8D588D009307CB /* Release */ = {
			isa = XCBuildConfiguration;
			buildSettings = {
				BUNDLE_LOADER = "$(TEST_HOST)";
				FRAMEWORK_SEARCH_PATHS = (
					"$(SDKROOT)/Developer/Library/Frameworks",
					"$(inherited)",
				);
				INFOPLIST_FILE = WatchStudyNotesTests/Info.plist;
				LD_RUNPATH_SEARCH_PATHS = "$(inherited) @executable_path/Frameworks @loader_path/Frameworks";
				PRODUCT_NAME = "$(TARGET_NAME)";
				TEST_HOST = "$(BUILT_PRODUCTS_DIR)/WatchStudyNotes.app/WatchStudyNotes";
			};
			name = Release;
		};
/* End XCBuildConfiguration section */

/* Begin XCConfigurationList section */
		0234335C1B8D588D009307CB /* Build configuration list for PBXProject "WatchStudyNotes" */ = {
			isa = XCConfigurationList;
			buildConfigurations = (
				023433811B8D588D009307CB /* Debug */,
				023433821B8D588D009307CB /* Release */,
			);
			defaultConfigurationIsVisible = 0;
			defaultConfigurationName = Release;
		};
		023433831B8D588D009307CB /* Build configuration list for PBXNativeTarget "WatchStudyNotes" */ = {
			isa = XCConfigurationList;
			buildConfigurations = (
				023433841B8D588D009307CB /* Debug */,
				023433851B8D588D009307CB /* Release */,
			);
			defaultConfigurationIsVisible = 0;
		};
		023433861B8D588D009307CB /* Build configuration list for PBXNativeTarget "WatchStudyNotesTests" */ = {
			isa = XCConfigurationList;
			buildConfigurations = (
				023433871B8D588D009307CB /* Debug */,
				023433881B8D588D009307CB /* Release */,
			);
			defaultConfigurationIsVisible = 0;
		};
/* End XCConfigurationList section */

/* Begin XCVersionGroup section */
		023433681B8D588D009307CB /* WatchStudyNotes.xcdatamodeld */ = {
			isa = XCVersionGroup;
			children = (
				023433691B8D588D009307CB /* WatchStudyNotes.xcdatamodel */,
			);
			currentVersion = 023433691B8D588D009307CB /* WatchStudyNotes.xcdatamodel */;
			path = WatchStudyNotes.xcdatamodeld;
			sourceTree = "<group>";
			versionGroupType = wrapper.xcdatamodel;
		};
/* End XCVersionGroup section */
	};
	rootObject = 023433591B8D588D009307CB /* Project object */;
}
